{
  "name": "@iyio/convo",
  "version": "0.5.0",
  "lockfileVersion": 1,
  "requires": true,
  "dependencies": {
    "@iyio/named-events": {
      "version": "1.5.0",
      "resolved": "https://registry.npmjs.org/@iyio/named-events/-/named-events-1.5.0.tgz",
      "integrity": "sha512-r0YhtTWa0INQrCmO6dHnYdXSr2zs02XVASUBf2qSYB6RdK9XVKgSwb8kdNVazb3mq8N1Mj2v9UoY6WdUKQwP6A=="
    },
    "typescript": {
      "version": "4.5.4",
      "resolved": "https://registry.npmjs.org/typescript/-/typescript-4.5.4.tgz",
      "integrity": "sha512-VgYs2A2QIRuGphtzFV7aQJduJ2gyfTljngLzjpfW9FoYZF6xuw1W0vW9ghCKLfcWrCFxK81CSGRAvS1pn4fIUg==",
      "dev": true
    }
  }
}
