{
  "name": "@iyio/convo-firestore-react-native",
  "version": "0.0.1",
  "lockfileVersion": 1,
  "requires": true,
  "dependencies": {
    "@iyio/convo": {
      "version": "0.0.1",
      "resolved": "https://registry.npmjs.org/@iyio/convo/-/convo-0.0.1.tgz",
      "integrity": "sha512-cfLtfJYuGkJpeI2ILLEqoQhPhoMMGkPKtgB56dq6iqRxmzRxgFAuMBHgjlFrG9yrtcCecGVWelooYd1gkBs6UA==",
      "requires": {
        "@iyio/named-events": "^1.0.0"
      }
    },
    "@iyio/named-events": {
      "version": "1.3.0",
      "resolved": "https://registry.npmjs.org/@iyio/named-events/-/named-events-1.3.0.tgz",
      "integrity": "sha512-Z3Gx6xlnpgERDiHAfvg1jnndvKr9lBuTE4KZdbBQKWy6Qv2R8P0DNw+FAyeL60Kn/gzQV4UDQ3yEJYr7iAt5jQ=="
    },
    "typescript": {
      "version": "4.5.4",
      "resolved": "https://registry.npmjs.org/typescript/-/typescript-4.5.4.tgz",
      "integrity": "sha512-VgYs2A2QIRuGphtzFV7aQJduJ2gyfTljngLzjpfW9FoYZF6xuw1W0vW9ghCKLfcWrCFxK81CSGRAvS1pn4fIUg==",
      "dev": true
    }
  }
}
