{
  "name": "@iyio/convo-firestore-adapter",
  "version": "0.8.0",
  "lockfileVersion": 1,
  "requires": true,
  "dependencies": {
    "@iyio/convo": {
      "version": "0.8.0",
      "resolved": "https://registry.npmjs.org/@iyio/convo/-/convo-0.8.0.tgz",
      "integrity": "sha512-PQB9fCzdjUWFS27yGyhCPeDwYD1m9MvAzgkKjGgOR+KWv3noUl+/aeAJoFgG1XYXnlwGH86TlJq6VJ87N5N5hg==",
      "requires": {
        "@iyio/named-events": "^1.5.0"
      }
    },
    "@iyio/named-events": {
      "version": "1.5.0",
      "resolved": "https://registry.npmjs.org/@iyio/named-events/-/named-events-1.5.0.tgz",
      "integrity": "sha512-r0YhtTWa0INQrCmO6dHnYdXSr2zs02XVASUBf2qSYB6RdK9XVKgSwb8kdNVazb3mq8N1Mj2v9UoY6WdUKQwP6A=="
    },
    "typescript": {
      "version": "4.5.5",
      "resolved": "https://registry.npmjs.org/typescript/-/typescript-4.5.5.tgz",
      "integrity": "sha512-TCTIul70LyWe6IJWT8QSYeA54WQe8EjQFU4wY52Fasj5UKx88LNYKCgBEHcOMOrFF1rKGbD8v/xcNWVUq9SymA==",
      "dev": true
    }
  }
}
